
Microsoft Visual Studio Solution File, Format Version 12.00
# Visual Studio Version 17
VisualStudioVersion = 17.5.33530.505
MinimumVisualStudioVersion = 10.0.40219.1
Project("{2150E333-8FDC-42A3-9474-1A3956D46DE8}") = "src", "src", "{8610E2F0-5A03-4478-9284-3D31FAB4FC2E}"
EndProject
Project("{2150E333-8FDC-42A3-9474-1A3956D46DE8}") = "corePackages", "corePackages", "{FC3ACC08-DDF3-4AA2-9D34-CF96B5719E94}"
EndProject
Project("{9A19103F-16F7-4668-BE54-9A1E7A4F7556}") = "Core.Application", "..\..\CorePackages\nArchitecture.Core\Core.Application\Core.Application.csproj", "{98E41C7E-231C-4C23-99C7-133EEBF857BE}"
EndProject
Project("{9A19103F-16F7-4668-BE54-9A1E7A4F7556}") = "Core.CrossCuttingConcerns", "..\..\CorePackages\nArchitecture.Core\Core.CrossCuttingConcers\Core.CrossCuttingConcerns.csproj", "{8D8A31B0-2847-44E4-8BFD-B0343AD466B3}"
EndProject
Project("{9A19103F-16F7-4668-BE54-9A1E7A4F7556}") = "Core.ElasticSearch", "..\..\CorePackages\nArchitecture.Core\Core.ElasticSearch\Core.ElasticSearch.csproj", "{BF9B35D3-FD0B-4A15-B58E-2E7B1AD9A4E7}"
EndProject
Project("{9A19103F-16F7-4668-BE54-9A1E7A4F7556}") = "Core.Mailing", "..\..\CorePackages\nArchitecture.Core\Core.Mailing\Core.Mailing.csproj", "{9013D56B-9742-4054-9A0F-0F6C3B5C8817}"
EndProject
Project("{9A19103F-16F7-4668-BE54-9A1E7A4F7556}") = "Core.Persistence", "..\..\CorePackages\nArchitecture.Core\Core.Persistence\Core.Persistence.csproj", "{36C8E9FA-2940-4C85-B1A3-B872A179E674}"
EndProject
Project("{9A19103F-16F7-4668-BE54-9A1E7A4F7556}") = "Core.Security", "..\..\CorePackages\nArchitecture.Core\Core.Security\Core.Security.csproj", "{45BAC12E-E353-4CE0-B83D-26F522A64084}"
EndProject
Project("{9A19103F-16F7-4668-BE54-9A1E7A4F7556}") = "Core.Test", "..\..\CorePackages\nArchitecture.Core\Core.Test\Core.Test.csproj", "{C0C5B347-FAAA-411D-9A0A-EB3CA90F9084}"
EndProject
Project("{2150E333-8FDC-42A3-9474-1A3956D46DE8}") = "United", "United", "{5DA52F65-FEBD-40BF-8F15-4068617907DF}"
EndProject
Project("{FAE04EC0-301F-11D3-BF4B-00C04F79EFBC}") = "Application", "Application\Application\Application.csproj", "{5C12962B-E9EB-4FE0-BBE1-3915FEDFEA88}"
EndProject
Project("{FAE04EC0-301F-11D3-BF4B-00C04F79EFBC}") = "Persistance", "Persistance\Persistance\Persistance.csproj", "{C00A1384-7874-4859-8847-31F6444A1506}"
EndProject
Project("{FAE04EC0-301F-11D3-BF4B-00C04F79EFBC}") = "Domain", "Domain\Domain\Domain.csproj", "{D85352EB-528C-429B-827E-686A6C1BACC7}"
EndProject
Project("{FAE04EC0-301F-11D3-BF4B-00C04F79EFBC}") = "Infrastructure", "Infrastructure\Infrastructure\Infrastructure.csproj", "{EE96EADD-DFEC-4C76-96BD-32F0B3EF684D}"
EndProject
Project("{FAE04EC0-301F-11D3-BF4B-00C04F79EFBC}") = "UnitedAPI", "WebAPI\UnitedAPI\UnitedAPI.csproj", "{144A2407-5043-4999-8866-5540A6797E11}"
EndProject
Global
	GlobalSection(SolutionConfigurationPlatforms) = preSolution
		Debug|Any CPU = Debug|Any CPU
		Release|Any CPU = Release|Any CPU
	EndGlobalSection
	GlobalSection(ProjectConfigurationPlatforms) = postSolution
		{98E41C7E-231C-4C23-99C7-133EEBF857BE}.Debug|Any CPU.ActiveCfg = Debug|Any CPU
		{98E41C7E-231C-4C23-99C7-133EEBF857BE}.Debug|Any CPU.Build.0 = Debug|Any CPU
		{98E41C7E-231C-4C23-99C7-133EEBF857BE}.Release|Any CPU.ActiveCfg = Release|Any CPU
		{98E41C7E-231C-4C23-99C7-133EEBF857BE}.Release|Any CPU.Build.0 = Release|Any CPU
		{8D8A31B0-2847-44E4-8BFD-B0343AD466B3}.Debug|Any CPU.ActiveCfg = Debug|Any CPU
		{8D8A31B0-2847-44E4-8BFD-B0343AD466B3}.Debug|Any CPU.Build.0 = Debug|Any CPU
		{8D8A31B0-2847-44E4-8BFD-B0343AD466B3}.Release|Any CPU.ActiveCfg = Release|Any CPU
		{8D8A31B0-2847-44E4-8BFD-B0343AD466B3}.Release|Any CPU.Build.0 = Release|Any CPU
		{BF9B35D3-FD0B-4A15-B58E-2E7B1AD9A4E7}.Debug|Any CPU.ActiveCfg = Debug|Any CPU
		{BF9B35D3-FD0B-4A15-B58E-2E7B1AD9A4E7}.Debug|Any CPU.Build.0 = Debug|Any CPU
		{BF9B35D3-FD0B-4A15-B58E-2E7B1AD9A4E7}.Release|Any CPU.ActiveCfg = Release|Any CPU
		{BF9B35D3-FD0B-4A15-B58E-2E7B1AD9A4E7}.Release|Any CPU.Build.0 = Release|Any CPU
		{9013D56B-9742-4054-9A0F-0F6C3B5C8817}.Debug|Any CPU.ActiveCfg = Debug|Any CPU
		{9013D56B-9742-4054-9A0F-0F6C3B5C8817}.Debug|Any CPU.Build.0 = Debug|Any CPU
		{9013D56B-9742-4054-9A0F-0F6C3B5C8817}.Release|Any CPU.ActiveCfg = Release|Any CPU
		{9013D56B-9742-4054-9A0F-0F6C3B5C8817}.Release|Any CPU.Build.0 = Release|Any CPU
		{36C8E9FA-2940-4C85-B1A3-B872A179E674}.Debug|Any CPU.ActiveCfg = Debug|Any CPU
		{36C8E9FA-2940-4C85-B1A3-B872A179E674}.Debug|Any CPU.Build.0 = Debug|Any CPU
		{36C8E9FA-2940-4C85-B1A3-B872A179E674}.Release|Any CPU.ActiveCfg = Release|Any CPU
		{36C8E9FA-2940-4C85-B1A3-B872A179E674}.Release|Any CPU.Build.0 = Release|Any CPU
		{45BAC12E-E353-4CE0-B83D-26F522A64084}.Debug|Any CPU.ActiveCfg = Debug|Any CPU
		{45BAC12E-E353-4CE0-B83D-26F522A64084}.Debug|Any CPU.Build.0 = Debug|Any CPU
		{45BAC12E-E353-4CE0-B83D-26F522A64084}.Release|Any CPU.ActiveCfg = Release|Any CPU
		{45BAC12E-E353-4CE0-B83D-26F522A64084}.Release|Any CPU.Build.0 = Release|Any CPU
		{C0C5B347-FAAA-411D-9A0A-EB3CA90F9084}.Debug|Any CPU.ActiveCfg = Debug|Any CPU
		{C0C5B347-FAAA-411D-9A0A-EB3CA90F9084}.Debug|Any CPU.Build.0 = Debug|Any CPU
		{C0C5B347-FAAA-411D-9A0A-EB3CA90F9084}.Release|Any CPU.ActiveCfg = Release|Any CPU
		{C0C5B347-FAAA-411D-9A0A-EB3CA90F9084}.Release|Any CPU.Build.0 = Release|Any CPU
		{5C12962B-E9EB-4FE0-BBE1-3915FEDFEA88}.Debug|Any CPU.ActiveCfg = Debug|Any CPU
		{5C12962B-E9EB-4FE0-BBE1-3915FEDFEA88}.Debug|Any CPU.Build.0 = Debug|Any CPU
		{5C12962B-E9EB-4FE0-BBE1-3915FEDFEA88}.Release|Any CPU.ActiveCfg = Release|Any CPU
		{5C12962B-E9EB-4FE0-BBE1-3915FEDFEA88}.Release|Any CPU.Build.0 = Release|Any CPU
		{C00A1384-7874-4859-8847-31F6444A1506}.Debug|Any CPU.ActiveCfg = Debug|Any CPU
		{C00A1384-7874-4859-8847-31F6444A1506}.Debug|Any CPU.Build.0 = Debug|Any CPU
		{C00A1384-7874-4859-8847-31F6444A1506}.Release|Any CPU.ActiveCfg = Release|Any CPU
		{C00A1384-7874-4859-8847-31F6444A1506}.Release|Any CPU.Build.0 = Release|Any CPU
		{D85352EB-528C-429B-827E-686A6C1BACC7}.Debug|Any CPU.ActiveCfg = Debug|Any CPU
		{D85352EB-528C-429B-827E-686A6C1BACC7}.Debug|Any CPU.Build.0 = Debug|Any CPU
		{D85352EB-528C-429B-827E-686A6C1BACC7}.Release|Any CPU.ActiveCfg = Release|Any CPU
		{D85352EB-528C-429B-827E-686A6C1BACC7}.Release|Any CPU.Build.0 = Release|Any CPU
		{EE96EADD-DFEC-4C76-96BD-32F0B3EF684D}.Debug|Any CPU.ActiveCfg = Debug|Any CPU
		{EE96EADD-DFEC-4C76-96BD-32F0B3EF684D}.Debug|Any CPU.Build.0 = Debug|Any CPU
		{EE96EADD-DFEC-4C76-96BD-32F0B3EF684D}.Release|Any CPU.ActiveCfg = Release|Any CPU
		{EE96EADD-DFEC-4C76-96BD-32F0B3EF684D}.Release|Any CPU.Build.0 = Release|Any CPU
		{144A2407-5043-4999-8866-5540A6797E11}.Debug|Any CPU.ActiveCfg = Debug|Any CPU
		{144A2407-5043-4999-8866-5540A6797E11}.Debug|Any CPU.Build.0 = Debug|Any CPU
		{144A2407-5043-4999-8866-5540A6797E11}.Release|Any CPU.ActiveCfg = Release|Any CPU
		{144A2407-5043-4999-8866-5540A6797E11}.Release|Any CPU.Build.0 = Release|Any CPU
	EndGlobalSection
	GlobalSection(SolutionProperties) = preSolution
		HideSolutionNode = FALSE
	EndGlobalSection
	GlobalSection(NestedProjects) = preSolution
		{FC3ACC08-DDF3-4AA2-9D34-CF96B5719E94} = {8610E2F0-5A03-4478-9284-3D31FAB4FC2E}
		{98E41C7E-231C-4C23-99C7-133EEBF857BE} = {FC3ACC08-DDF3-4AA2-9D34-CF96B5719E94}
		{8D8A31B0-2847-44E4-8BFD-B0343AD466B3} = {FC3ACC08-DDF3-4AA2-9D34-CF96B5719E94}
		{BF9B35D3-FD0B-4A15-B58E-2E7B1AD9A4E7} = {FC3ACC08-DDF3-4AA2-9D34-CF96B5719E94}
		{9013D56B-9742-4054-9A0F-0F6C3B5C8817} = {FC3ACC08-DDF3-4AA2-9D34-CF96B5719E94}
		{36C8E9FA-2940-4C85-B1A3-B872A179E674} = {FC3ACC08-DDF3-4AA2-9D34-CF96B5719E94}
		{45BAC12E-E353-4CE0-B83D-26F522A64084} = {FC3ACC08-DDF3-4AA2-9D34-CF96B5719E94}
		{C0C5B347-FAAA-411D-9A0A-EB3CA90F9084} = {FC3ACC08-DDF3-4AA2-9D34-CF96B5719E94}
		{5DA52F65-FEBD-40BF-8F15-4068617907DF} = {8610E2F0-5A03-4478-9284-3D31FAB4FC2E}
		{5C12962B-E9EB-4FE0-BBE1-3915FEDFEA88} = {5DA52F65-FEBD-40BF-8F15-4068617907DF}
		{C00A1384-7874-4859-8847-31F6444A1506} = {5DA52F65-FEBD-40BF-8F15-4068617907DF}
		{D85352EB-528C-429B-827E-686A6C1BACC7} = {5DA52F65-FEBD-40BF-8F15-4068617907DF}
		{EE96EADD-DFEC-4C76-96BD-32F0B3EF684D} = {5DA52F65-FEBD-40BF-8F15-4068617907DF}
		{144A2407-5043-4999-8866-5540A6797E11} = {5DA52F65-FEBD-40BF-8F15-4068617907DF}
	EndGlobalSection
	GlobalSection(ExtensibilityGlobals) = postSolution
		SolutionGuid = {83005528-4EE7-489C-B763-851F56A7A450}
	EndGlobalSection
EndGlobal
