
Microsoft Visual Studio Solution File, Format Version 12.00
# Visual Studio Version 17
VisualStudioVersion = 17.5.33530.505
MinimumVisualStudioVersion = 10.0.40219.1
Project("{2150E333-8FDC-42A3-9474-1A3956D46DE8}") = "src", "src", "{8610E2F0-5A03-4478-9284-3D31FAB4FC2E}"
EndProject
Project("{2150E333-8FDC-42A3-9474-1A3956D46DE8}") = "United", "United", "{5DA52F65-FEBD-40BF-8F15-4068617907DF}"
EndProject
Project("{9A19103F-16F7-4668-BE54-9A1E7A4F7556}") = "Application", "Application\Application\Application.csproj", "{5C12962B-E9EB-4FE0-BBE1-3915FEDFEA88}"
EndProject
Project("{9A19103F-16F7-4668-BE54-9A1E7A4F7556}") = "Persistance", "Persistance\Persistance\Persistance.csproj", "{C00A1384-7874-4859-8847-31F6444A1506}"
EndProject
Project("{9A19103F-16F7-4668-BE54-9A1E7A4F7556}") = "Domain", "Domain\Domain\Domain.csproj", "{D85352EB-528C-429B-827E-686A6C1BACC7}"
EndProject
Project("{9A19103F-16F7-4668-BE54-9A1E7A4F7556}") = "Infrastructure", "Infrastructure\Infrastructure\Infrastructure.csproj", "{EE96EADD-DFEC-4C76-96BD-32F0B3EF684D}"
EndProject
Project("{9A19103F-16F7-4668-BE54-9A1E7A4F7556}") = "UnitedAPI", "WebAPI\UnitedAPI\UnitedAPI.csproj", "{144A2407-5043-4999-8866-5540A6797E11}"
EndProject
Project("{2150E333-8FDC-42A3-9474-1A3956D46DE8}") = "corePackages", "corePackages", "{D83182E5-BB43-445B-8FE5-3BAFB9776B5E}"
EndProject
Project("{9A19103F-16F7-4668-BE54-9A1E7A4F7556}") = "Core.Application", "corePackages\Core.Application\Core.Application\Core.Application.csproj", "{D105A17C-0800-425E-AC18-98384D750CA6}"
EndProject
Project("{9A19103F-16F7-4668-BE54-9A1E7A4F7556}") = "Core.CrossCuttingConcerns", "corePackages\Core.CrossCuttingConcerns\Core.CrossCuttingConcerns\Core.CrossCuttingConcerns.csproj", "{6EE5B4A6-8C11-40AE-8A76-F7C47F84C279}"
EndProject
Global
	GlobalSection(SolutionConfigurationPlatforms) = preSolution
		Debug|Any CPU = Debug|Any CPU
		Release|Any CPU = Release|Any CPU
	EndGlobalSection
	GlobalSection(ProjectConfigurationPlatforms) = postSolution
		{5C12962B-E9EB-4FE0-BBE1-3915FEDFEA88}.Debug|Any CPU.ActiveCfg = Debug|Any CPU
		{5C12962B-E9EB-4FE0-BBE1-3915FEDFEA88}.Debug|Any CPU.Build.0 = Debug|Any CPU
		{5C12962B-E9EB-4FE0-BBE1-3915FEDFEA88}.Release|Any CPU.ActiveCfg = Release|Any CPU
		{5C12962B-E9EB-4FE0-BBE1-3915FEDFEA88}.Release|Any CPU.Build.0 = Release|Any CPU
		{C00A1384-7874-4859-8847-31F6444A1506}.Debug|Any CPU.ActiveCfg = Debug|Any CPU
		{C00A1384-7874-4859-8847-31F6444A1506}.Debug|Any CPU.Build.0 = Debug|Any CPU
		{C00A1384-7874-4859-8847-31F6444A1506}.Release|Any CPU.ActiveCfg = Release|Any CPU
		{C00A1384-7874-4859-8847-31F6444A1506}.Release|Any CPU.Build.0 = Release|Any CPU
		{D85352EB-528C-429B-827E-686A6C1BACC7}.Debug|Any CPU.ActiveCfg = Debug|Any CPU
		{D85352EB-528C-429B-827E-686A6C1BACC7}.Debug|Any CPU.Build.0 = Debug|Any CPU
		{D85352EB-528C-429B-827E-686A6C1BACC7}.Release|Any CPU.ActiveCfg = Release|Any CPU
		{D85352EB-528C-429B-827E-686A6C1BACC7}.Release|Any CPU.Build.0 = Release|Any CPU
		{EE96EADD-DFEC-4C76-96BD-32F0B3EF684D}.Debug|Any CPU.ActiveCfg = Debug|Any CPU
		{EE96EADD-DFEC-4C76-96BD-32F0B3EF684D}.Debug|Any CPU.Build.0 = Debug|Any CPU
		{EE96EADD-DFEC-4C76-96BD-32F0B3EF684D}.Release|Any CPU.ActiveCfg = Release|Any CPU
		{EE96EADD-DFEC-4C76-96BD-32F0B3EF684D}.Release|Any CPU.Build.0 = Release|Any CPU
		{144A2407-5043-4999-8866-5540A6797E11}.Debug|Any CPU.ActiveCfg = Debug|Any CPU
		{144A2407-5043-4999-8866-5540A6797E11}.Debug|Any CPU.Build.0 = Debug|Any CPU
		{144A2407-5043-4999-8866-5540A6797E11}.Release|Any CPU.ActiveCfg = Release|Any CPU
		{144A2407-5043-4999-8866-5540A6797E11}.Release|Any CPU.Build.0 = Release|Any CPU
		{D105A17C-0800-425E-AC18-98384D750CA6}.Debug|Any CPU.ActiveCfg = Debug|Any CPU
		{D105A17C-0800-425E-AC18-98384D750CA6}.Debug|Any CPU.Build.0 = Debug|Any CPU
		{D105A17C-0800-425E-AC18-98384D750CA6}.Release|Any CPU.ActiveCfg = Release|Any CPU
		{D105A17C-0800-425E-AC18-98384D750CA6}.Release|Any CPU.Build.0 = Release|Any CPU
		{6EE5B4A6-8C11-40AE-8A76-F7C47F84C279}.Debug|Any CPU.ActiveCfg = Debug|Any CPU
		{6EE5B4A6-8C11-40AE-8A76-F7C47F84C279}.Debug|Any CPU.Build.0 = Debug|Any CPU
		{6EE5B4A6-8C11-40AE-8A76-F7C47F84C279}.Release|Any CPU.ActiveCfg = Release|Any CPU
		{6EE5B4A6-8C11-40AE-8A76-F7C47F84C279}.Release|Any CPU.Build.0 = Release|Any CPU
	EndGlobalSection
	GlobalSection(SolutionProperties) = preSolution
		HideSolutionNode = FALSE
	EndGlobalSection
	GlobalSection(NestedProjects) = preSolution
		{5DA52F65-FEBD-40BF-8F15-4068617907DF} = {8610E2F0-5A03-4478-9284-3D31FAB4FC2E}
		{5C12962B-E9EB-4FE0-BBE1-3915FEDFEA88} = {5DA52F65-FEBD-40BF-8F15-4068617907DF}
		{C00A1384-7874-4859-8847-31F6444A1506} = {5DA52F65-FEBD-40BF-8F15-4068617907DF}
		{D85352EB-528C-429B-827E-686A6C1BACC7} = {5DA52F65-FEBD-40BF-8F15-4068617907DF}
		{EE96EADD-DFEC-4C76-96BD-32F0B3EF684D} = {5DA52F65-FEBD-40BF-8F15-4068617907DF}
		{144A2407-5043-4999-8866-5540A6797E11} = {5DA52F65-FEBD-40BF-8F15-4068617907DF}
		{D83182E5-BB43-445B-8FE5-3BAFB9776B5E} = {8610E2F0-5A03-4478-9284-3D31FAB4FC2E}
		{D105A17C-0800-425E-AC18-98384D750CA6} = {D83182E5-BB43-445B-8FE5-3BAFB9776B5E}
		{6EE5B4A6-8C11-40AE-8A76-F7C47F84C279} = {D83182E5-BB43-445B-8FE5-3BAFB9776B5E}
	EndGlobalSection
	GlobalSection(ExtensibilityGlobals) = postSolution
		SolutionGuid = {83005528-4EE7-489C-B763-851F56A7A450}
	EndGlobalSection
EndGlobal
